
Microsoft Visual Studio Solution File, Format Version 12.00
# Visual Studio 15
VisualStudioVersion = 15.0.28010.2048
MinimumVisualStudioVersion = 10.0.40219.1
Project("{FAE04EC0-301F-11D3-BF4B-00C04F79EFBC}") = "DotNet.KeyPoints", "DotNet.KeyPoints\DotNet.KeyPoints.csproj", "{D6095D6E-9C77-4549-9F15-FBD23BCC762C}"
EndProject
Global
	GlobalSection(SolutionConfigurationPlatforms) = preSolution
		Debug|Any CPU = Debug|Any CPU
		Release|Any CPU = Release|Any CPU
	EndGlobalSection
	GlobalSection(ProjectConfigurationPlatforms) = postSolution
		{D6095D6E-9C77-4549-9F15-FBD23BCC762C}.Debug|Any CPU.ActiveCfg = Debug|Any CPU
		{D6095D6E-9C77-4549-9F15-FBD23BCC762C}.Debug|Any CPU.Build.0 = Debug|Any CPU
		{D6095D6E-9C77-4549-9F15-FBD23BCC762C}.Release|Any CPU.ActiveCfg = Release|Any CPU
		{D6095D6E-9C77-4549-9F15-FBD23BCC762C}.Release|Any CPU.Build.0 = Release|Any CPU
	EndGlobalSection
	GlobalSection(SolutionProperties) = preSolution
		HideSolutionNode = FALSE
	EndGlobalSection
	GlobalSection(ExtensibilityGlobals) = postSolution
		SolutionGuid = {F32A0343-3296-4559-8FC0-C789AA0E2540}
	EndGlobalSection
EndGlobal
